
Microsoft Visual Studio Solution File, Format Version 12.00
# Visual Studio Version 17
VisualStudioVersion = 17.1.32319.34
MinimumVisualStudioVersion = 10.0.40219.1
Project("{FAE04EC0-301F-11D3-BF4B-00C04F79EFBC}") = "swagger", "swagger\swagger.csproj", "{464C5852-8D53-4443-AFC0-228885AB0CFF}"
EndProject
Global
	GlobalSection(SolutionConfigurationPlatforms) = preSolution
		Debug|Any CPU = Debug|Any CPU
		Release|Any CPU = Release|Any CPU
	EndGlobalSection
	GlobalSection(ProjectConfigurationPlatforms) = postSolution
		{464C5852-8D53-4443-AFC0-228885AB0CFF}.Debug|Any CPU.ActiveCfg = Debug|Any CPU
		{464C5852-8D53-4443-AFC0-228885AB0CFF}.Debug|Any CPU.Build.0 = Debug|Any CPU
		{464C5852-8D53-4443-AFC0-228885AB0CFF}.Release|Any CPU.ActiveCfg = Release|Any CPU
		{464C5852-8D53-4443-AFC0-228885AB0CFF}.Release|Any CPU.Build.0 = Release|Any CPU
	EndGlobalSection
	GlobalSection(SolutionProperties) = preSolution
		HideSolutionNode = FALSE
	EndGlobalSection
	GlobalSection(ExtensibilityGlobals) = postSolution
		SolutionGuid = {2F4A29F9-6FEE-465A-B69D-1E0B70E82564}
	EndGlobalSection
EndGlobal
